// !$*UTF8*$!
{
	archiveVersion = 1;
	classes = {
	};
	objectVersion = 70;
	objects = {

/* Begin PBXBuildFile section */
		A643EE5530666A5600F9798D /* libulibgsmmap.a in Frameworks */ = {isa = PBXBuildFile; fileRef = A643EE5130666A5600F9798D /* libulibgsmmap.a */; };
		A643EE5830666A5600F9798D /* libulibpcap.a in Frameworks */ = {isa = PBXBuildFile; fileRef = A643EE5330666A5600F9798D /* libulibpcap.a */; };
		A643EE5930666A5600F9798D /* libulibgsmmap.a in Frameworks */ = {isa = PBXBuildFile; fileRef = A643EE5130666A5600F9798D /* libulibgsmmap.a */; };
		A643EE5C30666A5600F9798D /* libulibpcap.a in Frameworks */ = {isa = PBXBuildFile; fileRef = A643EE5330666A5600F9798D /* libulibpcap.a */; };
		A643EE6230666A6400F9798D /* libulibtransport.a in Frameworks */ = {isa = PBXBuildFile; fileRef = A643EE5F30666A6400F9798D /* libulibtransport.a */; };
		A643EE6530666A6400F9798D /* libulibtransport.a in Frameworks */ = {isa = PBXBuildFile; fileRef = A643EE5F30666A6400F9798D /* libulibtransport.a */; };
		A643EE6A30666A7D00F9798D /* libumscript.a in Frameworks */ = {isa = PBXBuildFile; fileRef = A643EE6930666A7D00F9798D /* libumscript.a */; };
		A643EE6B30666A7D00F9798D /* libumscript.a in Frameworks */ = {isa = PBXBuildFile; fileRef = A643EE6930666A7D00F9798D /* libumscript.a */; };
		A643EE7030666AA300F9798D /* libulib.a in Frameworks */ = {isa = PBXBuildFile; fileRef = A643EE6F30666AA300F9798D /* libulib.a */; };
		A643EE7130666AA300F9798D /* libulib.a in Frameworks */ = {isa = PBXBuildFile; fileRef = A643EE6F30666AA300F9798D /* libulib.a */; };
		A643EE7330666ABA00F9798D /* libulibdiameter.a in Frameworks */ = {isa = PBXBuildFile; fileRef = A643EE7230666ABA00F9798D /* libulibdiameter.a */; };
		A643EE7430666ABA00F9798D /* libulibdiameter.a in Frameworks */ = {isa = PBXBuildFile; fileRef = A643EE7230666ABA00F9798D /* libulibdiameter.a */; };
		A643EE7630666ACD00F9798D /* libulibcamel.a in Frameworks */ = {isa = PBXBuildFile; fileRef = A643EE7530666ACD00F9798D /* libulibcamel.a */; };
		A643EE7730666ACD00F9798D /* libulibcamel.a in Frameworks */ = {isa = PBXBuildFile; fileRef = A643EE7530666ACD00F9798D /* libulibcamel.a */; };
		A684E3A120774ADB000F3F70 /* ulibss7config.framework in Frameworks */ = {isa = PBXBuildFile; fileRef = A684E39720774ADA000F3F70 /* ulibss7config.framework */; };
		A6AA23D424855035008D5A57 /* VERSION in Resources */ = {isa = PBXBuildFile; fileRef = A6AA23D324855035008D5A57 /* VERSION */; };
		A6C2C26C28510FA700A09BA7 /* RELEASE-NOTES.txt in Resources */ = {isa = PBXBuildFile; fileRef = A6C2C26A28510FA700A09BA7 /* RELEASE-NOTES.txt */; };
		A6C2C26D28510FA700A09BA7 /* README.md in Resources */ = {isa = PBXBuildFile; fileRef = A6C2C26B28510FA700A09BA7 /* README.md */; };
		A6C4788A22D53E92007F395C /* main.m in Sources */ = {isa = PBXBuildFile; fileRef = A6C4788922D53E92007F395C /* main.m */; };
		A6C4789422D54167007F395C /* UMDiameterGeneratorWeb.m in Sources */ = {isa = PBXBuildFile; fileRef = A6C4789322D54167007F395C /* UMDiameterGeneratorWeb.m */; };
/* End PBXBuildFile section */

/* Begin PBXContainerItemProxy section */
		A684E3A220774ADB000F3F70 /* PBXContainerItemProxy */ = {
			isa = PBXContainerItemProxy;
			containerPortal = A684E38E20774ADA000F3F70 /* Project object */;
			proxyType = 1;
			remoteGlobalIDString = A684E39620774ADA000F3F70;
			remoteInfo = ulibss7config;
		};
/* End PBXContainerItemProxy section */

/* Begin PBXCopyFilesBuildPhase section */
		A6A520682D3881A900B1896D /* CopyFiles */ = {
			isa = PBXCopyFilesBuildPhase;
			buildActionMask = 2147483647;
			dstPath = /usr/share/man/man1/;
			dstSubfolderSpec = 0;
			files = (
			);
			runOnlyForDeploymentPostprocessing = 1;
		};
		A6C4788522D53E92007F395C /* CopyFiles */ = {
			isa = PBXCopyFilesBuildPhase;
			buildActionMask = 2147483647;
			dstPath = /usr/share/man/man1/;
			dstSubfolderSpec = 0;
			files = (
			);
			runOnlyForDeploymentPostprocessing = 1;
		};
		A6C947A62E3FF76700813EE0 /* CopyFiles */ = {
			isa = PBXCopyFilesBuildPhase;
			buildActionMask = 2147483647;
			dstPath = /usr/share/man/man1/;
			dstSubfolderSpec = 0;
			files = (
			);
			runOnlyForDeploymentPostprocessing = 1;
		};
/* End PBXCopyFilesBuildPhase section */

/* Begin PBXFileReference section */
		A63EF6BA228D981F00E4F190 /* ss7config.scriv */ = {isa = PBXFileReference; lastKnownFileType = wrapper; path = ss7config.scriv; sourceTree = "<group>"; };
		A643EE5130666A5600F9798D /* libulibgsmmap.a */ = {isa = PBXFileReference; lastKnownFileType = archive.ar; name = libulibgsmmap.a; path = /usr/local/lib/libulibgsmmap.a; sourceTree = "<absolute>"; };
		A643EE5330666A5600F9798D /* libulibpcap.a */ = {isa = PBXFileReference; lastKnownFileType = archive.ar; name = libulibpcap.a; path = /usr/local/lib/libulibpcap.a; sourceTree = "<absolute>"; };
		A643EE5F30666A6400F9798D /* libulibtransport.a */ = {isa = PBXFileReference; lastKnownFileType = archive.ar; name = libulibtransport.a; path = /usr/local/lib/libulibtransport.a; sourceTree = "<absolute>"; };
		A643EE6930666A7D00F9798D /* libumscript.a */ = {isa = PBXFileReference; lastKnownFileType = archive.ar; name = libumscript.a; path = /usr/local/lib/libumscript.a; sourceTree = "<absolute>"; };
		A643EE6F30666AA300F9798D /* libulib.a */ = {isa = PBXFileReference; lastKnownFileType = archive.ar; name = libulib.a; path = /usr/local/lib/libulib.a; sourceTree = "<absolute>"; };
		A643EE7230666ABA00F9798D /* libulibdiameter.a */ = {isa = PBXFileReference; lastKnownFileType = archive.ar; name = libulibdiameter.a; path = /usr/local/lib/libulibdiameter.a; sourceTree = "<absolute>"; };
		A643EE7530666ACD00F9798D /* libulibcamel.a */ = {isa = PBXFileReference; lastKnownFileType = archive.ar; name = libulibcamel.a; path = /usr/local/lib/libulibcamel.a; sourceTree = "<absolute>"; };
		A684E39720774ADA000F3F70 /* ulibss7config.framework */ = {isa = PBXFileReference; explicitFileType = wrapper.framework; includeInIndex = 0; path = ulibss7config.framework; sourceTree = BUILT_PRODUCTS_DIR; };
		A684E3A020774ADB000F3F70 /* ulibss7configTests.xctest */ = {isa = PBXFileReference; explicitFileType = wrapper.cfbundle; includeInIndex = 0; path = ulibss7configTests.xctest; sourceTree = BUILT_PRODUCTS_DIR; };
		A6A5206A2D3881AA00B1896D /* umss7config-db */ = {isa = PBXFileReference; explicitFileType = "compiled.mach-o.executable"; includeInIndex = 0; path = "umss7config-db"; sourceTree = BUILT_PRODUCTS_DIR; };
		A6AA23D324855035008D5A57 /* VERSION */ = {isa = PBXFileReference; fileEncoding = 4; lastKnownFileType = text; path = VERSION; sourceTree = "<group>"; };
		A6C2C26A28510FA700A09BA7 /* RELEASE-NOTES.txt */ = {isa = PBXFileReference; fileEncoding = 4; lastKnownFileType = text; path = "RELEASE-NOTES.txt"; sourceTree = "<group>"; };
		A6C2C26B28510FA700A09BA7 /* README.md */ = {isa = PBXFileReference; fileEncoding = 4; lastKnownFileType = net.daringfireball.markdown; path = README.md; sourceTree = "<group>"; };
		A6C4788722D53E92007F395C /* diameter-web-gen */ = {isa = PBXFileReference; explicitFileType = "compiled.mach-o.executable"; includeInIndex = 0; path = "diameter-web-gen"; sourceTree = BUILT_PRODUCTS_DIR; };
		A6C4788922D53E92007F395C /* main.m */ = {isa = PBXFileReference; lastKnownFileType = sourcecode.c.objc; path = main.m; sourceTree = "<group>"; };
		A6C4789222D54167007F395C /* UMDiameterGeneratorWeb.h */ = {isa = PBXFileReference; lastKnownFileType = sourcecode.c.h; path = UMDiameterGeneratorWeb.h; sourceTree = "<group>"; };
		A6C4789322D54167007F395C /* UMDiameterGeneratorWeb.m */ = {isa = PBXFileReference; lastKnownFileType = sourcecode.c.objc; path = UMDiameterGeneratorWeb.m; sourceTree = "<group>"; };
		A6C947A82E3FF76700813EE0 /* trace-test */ = {isa = PBXFileReference; explicitFileType = "compiled.mach-o.executable"; includeInIndex = 0; path = "trace-test"; sourceTree = BUILT_PRODUCTS_DIR; };
/* End PBXFileReference section */

/* Begin PBXFileSystemSynchronizedBuildFileExceptionSet section */
		A643F64530666C1E00F9798D /* PBXFileSystemSynchronizedBuildFileExceptionSet */ = {
			isa = PBXFileSystemSynchronizedBuildFileExceptionSet;
			membershipExceptions = (
				DiameterCommands.txt,
			);
			target = A684E39620774ADA000F3F70 /* ulibss7config */;
		};
		A6A520652D387EEB00B1896D /* PBXFileSystemSynchronizedBuildFileExceptionSet */ = {
			isa = PBXFileSystemSynchronizedBuildFileExceptionSet;
			membershipExceptions = (
				Info.plist,
			);
			target = A684E39F20774ADB000F3F70 /* ulibss7configTests */;
		};
		A6A520762D38844500B1896D /* PBXFileSystemSynchronizedBuildFileExceptionSet */ = {
			isa = PBXFileSystemSynchronizedBuildFileExceptionSet;
			membershipExceptions = (
				end.m,
				start.m,
			);
			target = A6A520692D3881A900B1896D /* umss7config-db */;
		};
/* End PBXFileSystemSynchronizedBuildFileExceptionSet section */

/* Begin PBXFileSystemSynchronizedRootGroup section */
		A643F37930666C1800F9798D /* ulibss7config */ = {isa = PBXFileSystemSynchronizedRootGroup; exceptions = (A643F64530666C1E00F9798D /* PBXFileSystemSynchronizedBuildFileExceptionSet */, ); explicitFileTypes = {}; explicitFolders = (); path = ulibss7config; sourceTree = "<group>"; };
		A67B716D2D3879B000699B17 /* ulibss7configTests */ = {isa = PBXFileSystemSynchronizedRootGroup; exceptions = (A6A520652D387EEB00B1896D /* PBXFileSystemSynchronizedBuildFileExceptionSet */, ); explicitFileTypes = {}; explicitFolders = (); path = ulibss7configTests; sourceTree = "<group>"; };
		A6A5206B2D3881AA00B1896D /* umss7config-db */ = {isa = PBXFileSystemSynchronizedRootGroup; exceptions = (A6A520762D38844500B1896D /* PBXFileSystemSynchronizedBuildFileExceptionSet */, ); explicitFileTypes = {}; explicitFolders = (); path = "umss7config-db"; sourceTree = "<group>"; };
		A6C947A92E3FF76700813EE0 /* trace-test */ = {isa = PBXFileSystemSynchronizedRootGroup; explicitFileTypes = {}; explicitFolders = (); path = "trace-test"; sourceTree = "<group>"; };
/* End PBXFileSystemSynchronizedRootGroup section */

/* Begin PBXFrameworksBuildPhase section */
		A684E39320774ADA000F3F70 /* Frameworks */ = {
			isa = PBXFrameworksBuildPhase;
			buildActionMask = 2147483647;
			files = (
				A643EE6A30666A7D00F9798D /* libumscript.a in Frameworks */,
				A643EE7630666ACD00F9798D /* libulibcamel.a in Frameworks */,
				A643EE6530666A6400F9798D /* libulibtransport.a in Frameworks */,
				A643EE5930666A5600F9798D /* libulibgsmmap.a in Frameworks */,
				A643EE7030666AA300F9798D /* libulib.a in Frameworks */,
				A643EE7430666ABA00F9798D /* libulibdiameter.a in Frameworks */,
				A643EE5C30666A5600F9798D /* libulibpcap.a in Frameworks */,
			);
			runOnlyForDeploymentPostprocessing = 0;
		};
		A684E39D20774ADB000F3F70 /* Frameworks */ = {
			isa = PBXFrameworksBuildPhase;
			buildActionMask = 2147483647;
			files = (
				A643EE5530666A5600F9798D /* libulibgsmmap.a in Frameworks */,
				A643EE6230666A6400F9798D /* libulibtransport.a in Frameworks */,
				A643EE7330666ABA00F9798D /* libulibdiameter.a in Frameworks */,
				A643EE7730666ACD00F9798D /* libulibcamel.a in Frameworks */,
				A643EE7130666AA300F9798D /* libulib.a in Frameworks */,
				A643EE5830666A5600F9798D /* libulibpcap.a in Frameworks */,
				A684E3A120774ADB000F3F70 /* ulibss7config.framework in Frameworks */,
				A643EE6B30666A7D00F9798D /* libumscript.a in Frameworks */,
			);
			runOnlyForDeploymentPostprocessing = 0;
		};
		A6A520672D3881A900B1896D /* Frameworks */ = {
			isa = PBXFrameworksBuildPhase;
			buildActionMask = 2147483647;
			files = (
			);
			runOnlyForDeploymentPostprocessing = 0;
		};
		A6C4788422D53E92007F395C /* Frameworks */ = {
			isa = PBXFrameworksBuildPhase;
			buildActionMask = 2147483647;
			files = (
			);
			runOnlyForDeploymentPostprocessing = 0;
		};
		A6C947A52E3FF76700813EE0 /* Frameworks */ = {
			isa = PBXFrameworksBuildPhase;
			buildActionMask = 2147483647;
			files = (
			);
			runOnlyForDeploymentPostprocessing = 0;
		};
/* End PBXFrameworksBuildPhase section */

/* Begin PBXGroup section */
		A63EF6B9228D981F00E4F190 /* doc */ = {
			isa = PBXGroup;
			children = (
				A63EF6BA228D981F00E4F190 /* ss7config.scriv */,
			);
			path = doc;
			sourceTree = "<group>";
		};
		A643EE5030666A3900F9798D /* Libraries */ = {
			isa = PBXGroup;
			children = (
				A643EE6F30666AA300F9798D /* libulib.a */,
				A643EE5130666A5600F9798D /* libulibgsmmap.a */,
				A643EE7230666ABA00F9798D /* libulibdiameter.a */,
				A643EE7530666ACD00F9798D /* libulibcamel.a */,
				A643EE5330666A5600F9798D /* libulibpcap.a */,
				A643EE6930666A7D00F9798D /* libumscript.a */,
				A643EE5F30666A6400F9798D /* libulibtransport.a */,
			);
			path = Libraries;
			sourceTree = "<group>";
		};
		A684E38D20774ADA000F3F70 = {
			isa = PBXGroup;
			children = (
				A6AA23D324855035008D5A57 /* VERSION */,
				A6C2C26B28510FA700A09BA7 /* README.md */,
				A6C2C26A28510FA700A09BA7 /* RELEASE-NOTES.txt */,
				A63EF6B9228D981F00E4F190 /* doc */,
				A67B716D2D3879B000699B17 /* ulibss7configTests */,
				A6A5206B2D3881AA00B1896D /* umss7config-db */,
				A6C947A92E3FF76700813EE0 /* trace-test */,
				A643F37930666C1800F9798D /* ulibss7config */,
				A643EE5030666A3900F9798D /* Libraries */,
				A684E39820774ADA000F3F70 /* Products */,
				A6C4788822D53E92007F395C /* diameter-web-gen */,
			);
			sourceTree = "<group>";
		};
		A684E39820774ADA000F3F70 /* Products */ = {
			isa = PBXGroup;
			children = (
				A684E39720774ADA000F3F70 /* ulibss7config.framework */,
				A684E3A020774ADB000F3F70 /* ulibss7configTests.xctest */,
				A6C4788722D53E92007F395C /* diameter-web-gen */,
				A6A5206A2D3881AA00B1896D /* umss7config-db */,
				A6C947A82E3FF76700813EE0 /* trace-test */,
			);
			name = Products;
			sourceTree = "<group>";
		};
		A6C4788822D53E92007F395C /* diameter-web-gen */ = {
			isa = PBXGroup;
			children = (
				A6C4788922D53E92007F395C /* main.m */,
				A6C4789222D54167007F395C /* UMDiameterGeneratorWeb.h */,
				A6C4789322D54167007F395C /* UMDiameterGeneratorWeb.m */,
			);
			path = "diameter-web-gen";
			sourceTree = "<group>";
		};
/* End PBXGroup section */

/* Begin PBXHeadersBuildPhase section */
		A684E39420774ADA000F3F70 /* Headers */ = {
			isa = PBXHeadersBuildPhase;
			buildActionMask = 2147483647;
			files = (
			);
			runOnlyForDeploymentPostprocessing = 0;
		};
/* End PBXHeadersBuildPhase section */

/* Begin PBXNativeTarget section */
		A684E39620774ADA000F3F70 /* ulibss7config */ = {
			isa = PBXNativeTarget;
			buildConfigurationList = A684E3AB20774ADB000F3F70 /* Build configuration list for PBXNativeTarget "ulibss7config" */;
			buildPhases = (
				A684E39220774ADA000F3F70 /* Sources */,
				A684E39320774ADA000F3F70 /* Frameworks */,
				A684E39420774ADA000F3F70 /* Headers */,
				A684E39520774ADA000F3F70 /* Resources */,
			);
			buildRules = (
			);
			dependencies = (
			);
			fileSystemSynchronizedGroups = (
				A643F37930666C1800F9798D /* ulibss7config */,
			);
			name = ulibss7config;
			productName = ulibss7config;
			productReference = A684E39720774ADA000F3F70 /* ulibss7config.framework */;
			productType = "com.apple.product-type.framework";
		};
		A684E39F20774ADB000F3F70 /* ulibss7configTests */ = {
			isa = PBXNativeTarget;
			buildConfigurationList = A684E3AE20774ADB000F3F70 /* Build configuration list for PBXNativeTarget "ulibss7configTests" */;
			buildPhases = (
				A684E39C20774ADB000F3F70 /* Sources */,
				A684E39D20774ADB000F3F70 /* Frameworks */,
				A684E39E20774ADB000F3F70 /* Resources */,
			);
			buildRules = (
			);
			dependencies = (
				A684E3A320774ADB000F3F70 /* PBXTargetDependency */,
			);
			name = ulibss7configTests;
			productName = ulibss7configTests;
			productReference = A684E3A020774ADB000F3F70 /* ulibss7configTests.xctest */;
			productType = "com.apple.product-type.bundle.unit-test";
		};
		A6A520692D3881A900B1896D /* umss7config-db */ = {
			isa = PBXNativeTarget;
			buildConfigurationList = A6A5206E2D3881AA00B1896D /* Build configuration list for PBXNativeTarget "umss7config-db" */;
			buildPhases = (
				A6A520662D3881A900B1896D /* Sources */,
				A6A520672D3881A900B1896D /* Frameworks */,
				A6A520682D3881A900B1896D /* CopyFiles */,
			);
			buildRules = (
			);
			dependencies = (
			);
			fileSystemSynchronizedGroups = (
				A6A5206B2D3881AA00B1896D /* umss7config-db */,
			);
			name = "umss7config-db";
			packageProductDependencies = (
			);
			productName = "umss7config-db";
			productReference = A6A5206A2D3881AA00B1896D /* umss7config-db */;
			productType = "com.apple.product-type.tool";
		};
		A6C4788622D53E92007F395C /* diameter-web-gen */ = {
			isa = PBXNativeTarget;
			buildConfigurationList = A6C4788D22D53E92007F395C /* Build configuration list for PBXNativeTarget "diameter-web-gen" */;
			buildPhases = (
				A6C4788322D53E92007F395C /* Sources */,
				A6C4788422D53E92007F395C /* Frameworks */,
				A6C4788522D53E92007F395C /* CopyFiles */,
				A6336E6522D573BD00F803C5 /* Run Script */,
			);
			buildRules = (
			);
			dependencies = (
			);
			name = "diameter-web-gen";
			productName = "diameter-web-gen";
			productReference = A6C4788722D53E92007F395C /* diameter-web-gen */;
			productType = "com.apple.product-type.tool";
		};
		A6C947A72E3FF76700813EE0 /* trace-test */ = {
			isa = PBXNativeTarget;
			buildConfigurationList = A6C947AE2E3FF76700813EE0 /* Build configuration list for PBXNativeTarget "trace-test" */;
			buildPhases = (
				A6C947A42E3FF76700813EE0 /* Sources */,
				A6C947A52E3FF76700813EE0 /* Frameworks */,
				A6C947A62E3FF76700813EE0 /* CopyFiles */,
			);
			buildRules = (
			);
			dependencies = (
			);
			fileSystemSynchronizedGroups = (
				A6C947A92E3FF76700813EE0 /* trace-test */,
			);
			name = "trace-test";
			packageProductDependencies = (
			);
			productName = "trace-test";
			productReference = A6C947A82E3FF76700813EE0 /* trace-test */;
			productType = "com.apple.product-type.tool";
		};
/* End PBXNativeTarget section */

/* Begin PBXProject section */
		A684E38E20774ADA000F3F70 /* Project object */ = {
			isa = PBXProject;
			attributes = {
				BuildIndependentTargetsInParallel = YES;
				LastUpgradeCheck = 1620;
				ORGANIZATIONNAME = "Andreas Fink";
				TargetAttributes = {
					A684E39620774ADA000F3F70 = {
						CreatedOnToolsVersion = 9.3;
					};
					A684E39F20774ADB000F3F70 = {
						CreatedOnToolsVersion = 9.3;
					};
					A6A520692D3881A900B1896D = {
						CreatedOnToolsVersion = 16.2;
					};
					A6C4788622D53E92007F395C = {
						CreatedOnToolsVersion = 10.2.1;
					};
					A6C947A72E3FF76700813EE0 = {
						CreatedOnToolsVersion = 16.4;
					};
				};
			};
			buildConfigurationList = A684E39120774ADA000F3F70 /* Build configuration list for PBXProject "ulibss7config" */;
			compatibilityVersion = "Xcode 9.3";
			developmentRegion = en;
			hasScannedForEncodings = 0;
			knownRegions = (
				en,
				Base,
			);
			mainGroup = A684E38D20774ADA000F3F70;
			productRefGroup = A684E39820774ADA000F3F70 /* Products */;
			projectDirPath = "";
			projectRoot = "";
			targets = (
				A684E39620774ADA000F3F70 /* ulibss7config */,
				A684E39F20774ADB000F3F70 /* ulibss7configTests */,
				A6C4788622D53E92007F395C /* diameter-web-gen */,
				A6A520692D3881A900B1896D /* umss7config-db */,
				A6C947A72E3FF76700813EE0 /* trace-test */,
			);
		};
/* End PBXProject section */

/* Begin PBXResourcesBuildPhase section */
		A684E39520774ADA000F3F70 /* Resources */ = {
			isa = PBXResourcesBuildPhase;
			buildActionMask = 2147483647;
			files = (
				A6C2C26C28510FA700A09BA7 /* RELEASE-NOTES.txt in Resources */,
				A6C2C26D28510FA700A09BA7 /* README.md in Resources */,
				A6AA23D424855035008D5A57 /* VERSION in Resources */,
			);
			runOnlyForDeploymentPostprocessing = 0;
		};
		A684E39E20774ADB000F3F70 /* Resources */ = {
			isa = PBXResourcesBuildPhase;
			buildActionMask = 2147483647;
			files = (
			);
			runOnlyForDeploymentPostprocessing = 0;
		};
/* End PBXResourcesBuildPhase section */

/* Begin PBXShellScriptBuildPhase section */
		A6336E6522D573BD00F803C5 /* Run Script */ = {
			isa = PBXShellScriptBuildPhase;
			buildActionMask = 2147483647;
			files = (
			);
			inputFileListPaths = (
			);
			inputPaths = (
			);
			name = "Run Script";
			outputFileListPaths = (
			);
			outputPaths = (
			);
			runOnlyForDeploymentPostprocessing = 0;
			shellPath = /bin/sh;
			shellScript = "# Type#!/bin/bash\n\nEXE=diameter-web-gen\nmkdir -p /usr/local/bin\nif [ -f \"/usr/local/bin/$EXE\" ]\nthen\nrm -f \"/usr/local/bin/$EXE\"\nfi\nif [ -L \"/usr/local/bin/$EXE\" ]\nthen\nrm -f \"/usr/local/bin/$EXE\"\nfi\nln -s /Library/Application\\ Support/FinkTelecomServices/bin/$EXE /usr/local/bin/$EXE\n";
		};
/* End PBXShellScriptBuildPhase section */

/* Begin PBXSourcesBuildPhase section */
		A684E39220774ADA000F3F70 /* Sources */ = {
			isa = PBXSourcesBuildPhase;
			buildActionMask = 2147483647;
			files = (
			);
			runOnlyForDeploymentPostprocessing = 0;
		};
		A684E39C20774ADB000F3F70 /* Sources */ = {
			isa = PBXSourcesBuildPhase;
			buildActionMask = 2147483647;
			files = (
			);
			runOnlyForDeploymentPostprocessing = 0;
		};
		A6A520662D3881A900B1896D /* Sources */ = {
			isa = PBXSourcesBuildPhase;
			buildActionMask = 2147483647;
			files = (
			);
			runOnlyForDeploymentPostprocessing = 0;
		};
		A6C4788322D53E92007F395C /* Sources */ = {
			isa = PBXSourcesBuildPhase;
			buildActionMask = 2147483647;
			files = (
				A6C4788A22D53E92007F395C /* main.m in Sources */,
				A6C4789422D54167007F395C /* UMDiameterGeneratorWeb.m in Sources */,
			);
			runOnlyForDeploymentPostprocessing = 0;
		};
		A6C947A42E3FF76700813EE0 /* Sources */ = {
			isa = PBXSourcesBuildPhase;
			buildActionMask = 2147483647;
			files = (
			);
			runOnlyForDeploymentPostprocessing = 0;
		};
/* End PBXSourcesBuildPhase section */

/* Begin PBXTargetDependency section */
		A684E3A320774ADB000F3F70 /* PBXTargetDependency */ = {
			isa = PBXTargetDependency;
			target = A684E39620774ADA000F3F70 /* ulibss7config */;
			targetProxy = A684E3A220774ADB000F3F70 /* PBXContainerItemProxy */;
		};
/* End PBXTargetDependency section */

/* Begin XCBuildConfiguration section */
		A684E3A920774ADB000F3F70 /* Debug */ = {
			isa = XCBuildConfiguration;
			buildSettings = {
				ALLOW_TARGET_PLATFORM_SPECIALIZATION = YES;
				ALWAYS_SEARCH_USER_PATHS = NO;
				ARCHS = "$(ARCHS_STANDARD)";
				CLANG_ALLOW_NON_MODULAR_INCLUDES_IN_FRAMEWORK_MODULES = YES;
				CLANG_ANALYZER_NONNULL = YES;
				CLANG_ANALYZER_NUMBER_OBJECT_CONVERSION = YES_AGGRESSIVE;
				CLANG_CXX_LANGUAGE_STANDARD = "gnu++14";
				CLANG_CXX_LIBRARY = "libc++";
				CLANG_ENABLE_MODULES = NO;
				CLANG_ENABLE_OBJC_ARC = YES;
				CLANG_ENABLE_OBJC_WEAK = YES;
				CLANG_WARN_BLOCK_CAPTURE_AUTORELEASING = YES;
				CLANG_WARN_BOOL_CONVERSION = YES;
				CLANG_WARN_COMMA = YES;
				CLANG_WARN_CONSTANT_CONVERSION = YES;
				CLANG_WARN_DEPRECATED_OBJC_IMPLEMENTATIONS = YES;
				CLANG_WARN_DIRECT_OBJC_ISA_USAGE = YES_ERROR;
				CLANG_WARN_DOCUMENTATION_COMMENTS = YES;
				CLANG_WARN_EMPTY_BODY = YES;
				CLANG_WARN_ENUM_CONVERSION = YES;
				CLANG_WARN_INFINITE_RECURSION = YES;
				CLANG_WARN_INT_CONVERSION = YES;
				CLANG_WARN_NON_LITERAL_NULL_CONVERSION = YES;
				CLANG_WARN_OBJC_IMPLICIT_RETAIN_SELF = YES;
				CLANG_WARN_OBJC_LITERAL_CONVERSION = YES;
				CLANG_WARN_OBJC_ROOT_CLASS = YES_ERROR;
				CLANG_WARN_QUOTED_INCLUDE_IN_FRAMEWORK_HEADER = YES;
				CLANG_WARN_RANGE_LOOP_ANALYSIS = YES;
				CLANG_WARN_STRICT_PROTOTYPES = YES;
				CLANG_WARN_SUSPICIOUS_MOVE = YES;
				CLANG_WARN_UNGUARDED_AVAILABILITY = YES_AGGRESSIVE;
				CLANG_WARN_UNREACHABLE_CODE = YES;
				CLANG_WARN__DUPLICATE_METHOD_MATCH = YES;
				CODE_SIGN_IDENTITY = "Mac Developer";
				COPY_PHASE_STRIP = NO;
				CURRENT_PROJECT_VERSION = 6.0.0;
				DEAD_CODE_STRIPPING = YES;
				DEBUG_INFORMATION_FORMAT = dwarf;
				DEPLOYMENT_LOCATION = YES;
				DEPLOYMENT_POSTPROCESSING = YES;
				DSTROOT = "/Library/Application Support";
				ENABLE_STRICT_OBJC_MSGSEND = YES;
				ENABLE_TESTABILITY = YES;
				ENABLE_USER_SCRIPT_SANDBOXING = YES;
				FRAMEWORK_SEARCH_PATHS = "";
				GCC_C_LANGUAGE_STANDARD = gnu11;
				GCC_DYNAMIC_NO_PIC = NO;
				GCC_NO_COMMON_BLOCKS = YES;
				GCC_OPTIMIZATION_LEVEL = 0;
				GCC_PREPROCESSOR_DEFINITIONS = (
					"DEBUG=1",
					"$(inherited)",
				);
				GCC_WARN_64_TO_32_BIT_CONVERSION = YES;
				GCC_WARN_ABOUT_RETURN_TYPE = YES_ERROR;
				GCC_WARN_UNDECLARED_SELECTOR = YES;
				GCC_WARN_UNINITIALIZED_AUTOS = YES_AGGRESSIVE;
				GCC_WARN_UNUSED_FUNCTION = YES;
				GCC_WARN_UNUSED_VARIABLE = YES;
				HEADER_SEARCH_PATHS = /usr/local/include;
				INSTALL_PATH = FinkTelecomServices/frameworks;
				LIBRARY_SEARCH_PATHS = /usr/local/lib;
				MACOSX_DEPLOYMENT_TARGET = 12.4;
				MTL_ENABLE_DEBUG_INFO = YES;
				ONLY_ACTIVE_ARCH = NO;
				SDKROOT = auto;
				SYSTEM_HEADER_SEARCH_PATHS = /usr/local/include;
				USER_HEADER_SEARCH_PATHS = /usr/local/include;
				VERSIONING_SYSTEM = "";
				VERSION_INFO_PREFIX = "";
				WARNING_CFLAGS = "-Wimplicit-fallthrough";
			};
			name = Debug;
		};
		A684E3AA20774ADB000F3F70 /* Release */ = {
			isa = XCBuildConfiguration;
			buildSettings = {
				ALLOW_TARGET_PLATFORM_SPECIALIZATION = YES;
				ALWAYS_SEARCH_USER_PATHS = NO;
				ARCHS = "$(ARCHS_STANDARD)";
				CLANG_ALLOW_NON_MODULAR_INCLUDES_IN_FRAMEWORK_MODULES = YES;
				CLANG_ANALYZER_NONNULL = YES;
				CLANG_ANALYZER_NUMBER_OBJECT_CONVERSION = YES_AGGRESSIVE;
				CLANG_CXX_LANGUAGE_STANDARD = "gnu++14";
				CLANG_CXX_LIBRARY = "libc++";
				CLANG_ENABLE_MODULES = NO;
				CLANG_ENABLE_OBJC_ARC = YES;
				CLANG_ENABLE_OBJC_WEAK = YES;
				CLANG_WARN_BLOCK_CAPTURE_AUTORELEASING = YES;
				CLANG_WARN_BOOL_CONVERSION = YES;
				CLANG_WARN_COMMA = YES;
				CLANG_WARN_CONSTANT_CONVERSION = YES;
				CLANG_WARN_DEPRECATED_OBJC_IMPLEMENTATIONS = YES;
				CLANG_WARN_DIRECT_OBJC_ISA_USAGE = YES_ERROR;
				CLANG_WARN_DOCUMENTATION_COMMENTS = YES;
				CLANG_WARN_EMPTY_BODY = YES;
				CLANG_WARN_ENUM_CONVERSION = YES;
				CLANG_WARN_INFINITE_RECURSION = YES;
				CLANG_WARN_INT_CONVERSION = YES;
				CLANG_WARN_NON_LITERAL_NULL_CONVERSION = YES;
				CLANG_WARN_OBJC_IMPLICIT_RETAIN_SELF = YES;
				CLANG_WARN_OBJC_LITERAL_CONVERSION = YES;
				CLANG_WARN_OBJC_ROOT_CLASS = YES_ERROR;
				CLANG_WARN_QUOTED_INCLUDE_IN_FRAMEWORK_HEADER = YES;
				CLANG_WARN_RANGE_LOOP_ANALYSIS = YES;
				CLANG_WARN_STRICT_PROTOTYPES = YES;
				CLANG_WARN_SUSPICIOUS_MOVE = YES;
				CLANG_WARN_UNGUARDED_AVAILABILITY = YES_AGGRESSIVE;
				CLANG_WARN_UNREACHABLE_CODE = YES;
				CLANG_WARN__DUPLICATE_METHOD_MATCH = YES;
				CODE_SIGN_IDENTITY = "Mac Developer";
				COPY_PHASE_STRIP = YES;
				CURRENT_PROJECT_VERSION = 6.0.0;
				DEAD_CODE_STRIPPING = YES;
				DEBUG_INFORMATION_FORMAT = "dwarf-with-dsym";
				DEPLOYMENT_LOCATION = YES;
				DEPLOYMENT_POSTPROCESSING = YES;
				DSTROOT = "/Library/Application Support";
				ENABLE_NS_ASSERTIONS = NO;
				ENABLE_STRICT_OBJC_MSGSEND = YES;
				ENABLE_USER_SCRIPT_SANDBOXING = YES;
				FRAMEWORK_SEARCH_PATHS = "";
				GCC_C_LANGUAGE_STANDARD = gnu11;
				GCC_NO_COMMON_BLOCKS = YES;
				GCC_WARN_64_TO_32_BIT_CONVERSION = YES;
				GCC_WARN_ABOUT_RETURN_TYPE = YES_ERROR;
				GCC_WARN_UNDECLARED_SELECTOR = YES;
				GCC_WARN_UNINITIALIZED_AUTOS = YES_AGGRESSIVE;
				GCC_WARN_UNUSED_FUNCTION = YES;
				GCC_WARN_UNUSED_VARIABLE = YES;
				HEADER_SEARCH_PATHS = /usr/local/include;
				INSTALL_PATH = FinkTelecomServices/frameworks;
				LIBRARY_SEARCH_PATHS = /usr/local/lib;
				MACOSX_DEPLOYMENT_TARGET = 12.4;
				MTL_ENABLE_DEBUG_INFO = NO;
				ONLY_ACTIVE_ARCH = NO;
				SYSTEM_HEADER_SEARCH_PATHS = /usr/local/include;
				USER_HEADER_SEARCH_PATHS = /usr/local/include;
				VERSIONING_SYSTEM = "";
				VERSION_INFO_PREFIX = "";
				WARNING_CFLAGS = "-Wimplicit-fallthrough";
			};
			name = Release;
		};
		A684E3AC20774ADB000F3F70 /* Debug */ = {
			isa = XCBuildConfiguration;
			buildSettings = {
				DEAD_CODE_STRIPPING = YES;
				DEFINES_MODULE = YES;
				DYLIB_COMPATIBILITY_VERSION = 1;
				DYLIB_CURRENT_VERSION = 1;
				FRAMEWORK_VERSION = A;
				GCC_PREPROCESSOR_DEFINITIONS = "$(inherited)";
				INFOPLIST_FILE = ulibss7config/Info.plist;
				LIBRARY_SEARCH_PATHS = (
					"$(inherited)",
					"$(PROJECT_DIR)/Libraries",
				);
				MACOSX_DEPLOYMENT_TARGET = 12.4;
				MARKETING_VERSION = 6.0.0;
				PRODUCT_BUNDLE_IDENTIFIER = "com.fink-telecom.--PRODUCT-NAME-rfc1034identifier-";
				PRODUCT_NAME = "$(TARGET_NAME:c99extidentifier)";
				SDKROOT = macosx;
				SUPPORTED_PLATFORMS = macosx;
				WARNING_CFLAGS = "-Wimplicit-fallthrough";
			};
			name = Debug;
		};
		A684E3AD20774ADB000F3F70 /* Release */ = {
			isa = XCBuildConfiguration;
			buildSettings = {
				DEAD_CODE_STRIPPING = YES;
				DEFINES_MODULE = YES;
				DYLIB_COMPATIBILITY_VERSION = 1;
				DYLIB_CURRENT_VERSION = 1;
				FRAMEWORK_VERSION = A;
				INFOPLIST_FILE = ulibss7config/Info.plist;
				LIBRARY_SEARCH_PATHS = (
					"$(inherited)",
					"$(PROJECT_DIR)/Libraries",
				);
				MACOSX_DEPLOYMENT_TARGET = 12.4;
				MARKETING_VERSION = 6.0.0;
				PRODUCT_BUNDLE_IDENTIFIER = "com.fink-telecom.--PRODUCT-NAME-rfc1034identifier-";
				PRODUCT_NAME = "$(TARGET_NAME:c99extidentifier)";
				SDKROOT = macosx;
				SUPPORTED_PLATFORMS = macosx;
				WARNING_CFLAGS = "-Wimplicit-fallthrough";
			};
			name = Release;
		};
		A684E3AF20774ADB000F3F70 /* Debug */ = {
			isa = XCBuildConfiguration;
			buildSettings = {
				CODE_SIGN_STYLE = Automatic;
				COMBINE_HIDPI_IMAGES = YES;
				DEAD_CODE_STRIPPING = YES;
				DEVELOPMENT_TEAM = 38L827M334;
				FRAMEWORK_SEARCH_PATHS = (
					"$(inherited)",
					"$(LOCAL_LIBRARY_DIR)/Application\\ Support/FinkTelecomServices/frameworks",
					"$(LOCAL_LIBRARY_DIR)/Application\\ Support/FinkTelecomServices/frameworks",
				);
				INFOPLIST_FILE = ulibss7configTests/Info.plist;
				LD_RUNPATH_SEARCH_PATHS = (
					"$(inherited)",
					"@executable_path/../Frameworks",
					"@loader_path/../Frameworks",
				);
				LIBRARY_SEARCH_PATHS = (
					"$(inherited)",
					"$(PROJECT_DIR)/Libraries",
				);
				MACOSX_DEPLOYMENT_TARGET = 13.1;
				PRODUCT_BUNDLE_IDENTIFIER = "com.fink-telecom.--PRODUCT-NAME-rfc1034identifier-";
				PRODUCT_NAME = "$(TARGET_NAME)";
			};
			name = Debug;
		};
		A684E3B020774ADB000F3F70 /* Release */ = {
			isa = XCBuildConfiguration;
			buildSettings = {
				CODE_SIGN_STYLE = Automatic;
				COMBINE_HIDPI_IMAGES = YES;
				DEAD_CODE_STRIPPING = YES;
				DEVELOPMENT_TEAM = 38L827M334;
				FRAMEWORK_SEARCH_PATHS = (
					"$(inherited)",
					"$(LOCAL_LIBRARY_DIR)/Application\\ Support/FinkTelecomServices/frameworks",
					"$(LOCAL_LIBRARY_DIR)/Application\\ Support/FinkTelecomServices/frameworks",
				);
				INFOPLIST_FILE = ulibss7configTests/Info.plist;
				LD_RUNPATH_SEARCH_PATHS = (
					"$(inherited)",
					"@executable_path/../Frameworks",
					"@loader_path/../Frameworks",
				);
				LIBRARY_SEARCH_PATHS = (
					"$(inherited)",
					"$(PROJECT_DIR)/Libraries",
				);
				MACOSX_DEPLOYMENT_TARGET = 13.1;
				PRODUCT_BUNDLE_IDENTIFIER = "com.fink-telecom.--PRODUCT-NAME-rfc1034identifier-";
				PRODUCT_NAME = "$(TARGET_NAME)";
			};
			name = Release;
		};
		A6A5206F2D3881AA00B1896D /* Debug */ = {
			isa = XCBuildConfiguration;
			buildSettings = {
				ASSETCATALOG_COMPILER_GENERATE_SWIFT_ASSET_SYMBOL_EXTENSIONS = YES;
				CLANG_CXX_LANGUAGE_STANDARD = "gnu++20";
				CLANG_ENABLE_MODULES = YES;
				CODE_SIGN_STYLE = Automatic;
				DEVELOPMENT_TEAM = 38L827M334;
				ENABLE_HARDENED_RUNTIME = YES;
				GCC_C_LANGUAGE_STANDARD = gnu17;
				LOCALIZATION_PREFERS_STRING_CATALOGS = YES;
				MACOSX_DEPLOYMENT_TARGET = 15.2;
				MTL_ENABLE_DEBUG_INFO = INCLUDE_SOURCE;
				MTL_FAST_MATH = YES;
				ONLY_ACTIVE_ARCH = YES;
				PRODUCT_NAME = "$(TARGET_NAME)";
				SDKROOT = macosx;
			};
			name = Debug;
		};
		A6A520702D3881AA00B1896D /* Release */ = {
			isa = XCBuildConfiguration;
			buildSettings = {
				ASSETCATALOG_COMPILER_GENERATE_SWIFT_ASSET_SYMBOL_EXTENSIONS = YES;
				CLANG_CXX_LANGUAGE_STANDARD = "gnu++20";
				CLANG_ENABLE_MODULES = YES;
				CODE_SIGN_STYLE = Automatic;
				COPY_PHASE_STRIP = NO;
				DEVELOPMENT_TEAM = 38L827M334;
				ENABLE_HARDENED_RUNTIME = YES;
				GCC_C_LANGUAGE_STANDARD = gnu17;
				LOCALIZATION_PREFERS_STRING_CATALOGS = YES;
				MACOSX_DEPLOYMENT_TARGET = 15.2;
				MTL_FAST_MATH = YES;
				PRODUCT_NAME = "$(TARGET_NAME)";
				SDKROOT = macosx;
			};
			name = Release;
		};
		A6C4788B22D53E92007F395C /* Debug */ = {
			isa = XCBuildConfiguration;
			buildSettings = {
				CLANG_ENABLE_MODULES = NO;
				CODE_SIGN_IDENTITY = "Apple Development";
				CODE_SIGN_STYLE = Automatic;
				DEAD_CODE_STRIPPING = YES;
				DEVELOPMENT_TEAM = 38L827M334;
				DYLIB_INSTALL_NAME_BASE = "$(DSTROOT)/$(INSTALL_PATH)";
				ENABLE_HARDENED_RUNTIME = YES;
				FRAMEWORK_SEARCH_PATHS = (
					/Library/Application,
					Support/FinkTelecomServices/frameworks,
					"$(LOCAL_LIBRARY_DIR)/Application\\ Support/FinkTelecomServices/frameworks",
					"$(LOCAL_LIBRARY_DIR)/Application\\ Support/FinkTelecomServices/frameworks",
				);
				INSTALL_PATH = FinkTelecomServices/frameworks/bin;
				LIBRARY_SEARCH_PATHS = /usr/local/lib;
				MACOSX_DEPLOYMENT_TARGET = 13.1;
				MTL_ENABLE_DEBUG_INFO = INCLUDE_SOURCE;
				MTL_FAST_MATH = YES;
				PRODUCT_BUNDLE_IDENTIFIER = "com.fink-telecom.--PRODUCT-NAME-rfc1034identifier-";
				PRODUCT_NAME = "$(TARGET_NAME)";
			};
			name = Debug;
		};
		A6C4788C22D53E92007F395C /* Release */ = {
			isa = XCBuildConfiguration;
			buildSettings = {
				CLANG_ENABLE_MODULES = NO;
				CODE_SIGN_IDENTITY = "Apple Development";
				CODE_SIGN_STYLE = Automatic;
				COPY_PHASE_STRIP = NO;
				DEAD_CODE_STRIPPING = YES;
				DEVELOPMENT_TEAM = 38L827M334;
				DYLIB_INSTALL_NAME_BASE = "$(DSTROOT)/$(INSTALL_PATH)";
				ENABLE_HARDENED_RUNTIME = YES;
				FRAMEWORK_SEARCH_PATHS = (
					/Library/Application,
					Support/FinkTelecomServices/frameworks,
					"$(LOCAL_LIBRARY_DIR)/Application\\ Support/FinkTelecomServices/frameworks",
					"$(LOCAL_LIBRARY_DIR)/Application\\ Support/FinkTelecomServices/frameworks",
				);
				INSTALL_PATH = FinkTelecomServices/frameworks/bin;
				LIBRARY_SEARCH_PATHS = /usr/local/lib;
				MACOSX_DEPLOYMENT_TARGET = 13.1;
				MTL_FAST_MATH = YES;
				PRODUCT_BUNDLE_IDENTIFIER = "com.fink-telecom.--PRODUCT-NAME-rfc1034identifier-";
				PRODUCT_NAME = "$(TARGET_NAME)";
			};
			name = Release;
		};
		A6C947AC2E3FF76700813EE0 /* Debug */ = {
			isa = XCBuildConfiguration;
			buildSettings = {
				ASSETCATALOG_COMPILER_GENERATE_SWIFT_ASSET_SYMBOL_EXTENSIONS = YES;
				CLANG_CXX_LANGUAGE_STANDARD = "gnu++20";
				CLANG_ENABLE_MODULES = YES;
				CODE_SIGN_ENTITLEMENTS = "trace-test/trace-test.entitlements";
				CODE_SIGN_STYLE = Automatic;
				DEVELOPMENT_TEAM = 38L827M334;
				ENABLE_HARDENED_RUNTIME = NO;
				FRAMEWORK_SEARCH_PATHS = (
					"$(inherited)",
					"$(LOCAL_LIBRARY_DIR)/Application\\ Support/FinkTelecomServices/frameworks",
					"$(LOCAL_LIBRARY_DIR)/Application\\ Support/FinkTelecomServices/frameworks",
				);
				GCC_C_LANGUAGE_STANDARD = gnu17;
				LOCALIZATION_PREFERS_STRING_CATALOGS = YES;
				MACOSX_DEPLOYMENT_TARGET = 15.5;
				MTL_ENABLE_DEBUG_INFO = INCLUDE_SOURCE;
				MTL_FAST_MATH = YES;
				ONLY_ACTIVE_ARCH = YES;
				PRODUCT_NAME = "$(TARGET_NAME)";
				SDKROOT = macosx;
			};
			name = Debug;
		};
		A6C947AD2E3FF76700813EE0 /* Release */ = {
			isa = XCBuildConfiguration;
			buildSettings = {
				ASSETCATALOG_COMPILER_GENERATE_SWIFT_ASSET_SYMBOL_EXTENSIONS = YES;
				CLANG_CXX_LANGUAGE_STANDARD = "gnu++20";
				CLANG_ENABLE_MODULES = YES;
				CODE_SIGN_ENTITLEMENTS = "trace-test/trace-test.entitlements";
				CODE_SIGN_STYLE = Automatic;
				COPY_PHASE_STRIP = NO;
				DEVELOPMENT_TEAM = 38L827M334;
				ENABLE_HARDENED_RUNTIME = NO;
				FRAMEWORK_SEARCH_PATHS = (
					"$(inherited)",
					"$(LOCAL_LIBRARY_DIR)/Application\\ Support/FinkTelecomServices/frameworks",
					"$(LOCAL_LIBRARY_DIR)/Application\\ Support/FinkTelecomServices/frameworks",
				);
				GCC_C_LANGUAGE_STANDARD = gnu17;
				LOCALIZATION_PREFERS_STRING_CATALOGS = YES;
				MACOSX_DEPLOYMENT_TARGET = 15.5;
				MTL_FAST_MATH = YES;
				PRODUCT_NAME = "$(TARGET_NAME)";
				SDKROOT = macosx;
			};
			name = Release;
		};
/* End XCBuildConfiguration section */

/* Begin XCConfigurationList section */
		A684E39120774ADA000F3F70 /* Build configuration list for PBXProject "ulibss7config" */ = {
			isa = XCConfigurationList;
			buildConfigurations = (
				A684E3A920774ADB000F3F70 /* Debug */,
				A684E3AA20774ADB000F3F70 /* Release */,
			);
			defaultConfigurationIsVisible = 0;
			defaultConfigurationName = Release;
		};
		A684E3AB20774ADB000F3F70 /* Build configuration list for PBXNativeTarget "ulibss7config" */ = {
			isa = XCConfigurationList;
			buildConfigurations = (
				A684E3AC20774ADB000F3F70 /* Debug */,
				A684E3AD20774ADB000F3F70 /* Release */,
			);
			defaultConfigurationIsVisible = 0;
			defaultConfigurationName = Release;
		};
		A684E3AE20774ADB000F3F70 /* Build configuration list for PBXNativeTarget "ulibss7configTests" */ = {
			isa = XCConfigurationList;
			buildConfigurations = (
				A684E3AF20774ADB000F3F70 /* Debug */,
				A684E3B020774ADB000F3F70 /* Release */,
			);
			defaultConfigurationIsVisible = 0;
			defaultConfigurationName = Release;
		};
		A6A5206E2D3881AA00B1896D /* Build configuration list for PBXNativeTarget "umss7config-db" */ = {
			isa = XCConfigurationList;
			buildConfigurations = (
				A6A5206F2D3881AA00B1896D /* Debug */,
				A6A520702D3881AA00B1896D /* Release */,
			);
			defaultConfigurationIsVisible = 0;
			defaultConfigurationName = Release;
		};
		A6C4788D22D53E92007F395C /* Build configuration list for PBXNativeTarget "diameter-web-gen" */ = {
			isa = XCConfigurationList;
			buildConfigurations = (
				A6C4788B22D53E92007F395C /* Debug */,
				A6C4788C22D53E92007F395C /* Release */,
			);
			defaultConfigurationIsVisible = 0;
			defaultConfigurationName = Release;
		};
		A6C947AE2E3FF76700813EE0 /* Build configuration list for PBXNativeTarget "trace-test" */ = {
			isa = XCConfigurationList;
			buildConfigurations = (
				A6C947AC2E3FF76700813EE0 /* Debug */,
				A6C947AD2E3FF76700813EE0 /* Release */,
			);
			defaultConfigurationIsVisible = 0;
			defaultConfigurationName = Release;
		};
/* End XCConfigurationList section */
	};
	rootObject = A684E38E20774ADA000F3F70 /* Project object */;
}
